annotated-types==0.7.0
asgiref==3.8.1
awscli==1.35.12
boto3==1.35.46
botocore==1.35.46
cfgv==3.4.0
colorama==0.4.6
distlib==0.3.9
Django==5.1.2
docutils==0.16
filelock==3.16.1
identify==2.6.1
jmespath==1.0.1
nodeenv==1.9.1
platformdirs==4.3.6
pre_commit==4.0.1
psycopg2-binary==2.9.10
pyasn1==0.6.1
pydantic==2.9.2
pydantic-settings==2.6.0
pydantic_core==2.23.4
python-dateutil==2.9.0.post0
python-dotenv==1.0.1
PyYAML==6.0.2
rsa==4.7.2
s3transfer==0.10.3
six==1.16.0
sqlparse==0.5.1
typing_extensions==4.12.2
urllib3==2.2.3
virtualenv==20.27.0
